# This file was autogenerated by Stack.
# You should not edit this file by hand.
# For more information, please see the documentation at:
#   https://docs.haskellstack.org/en/stable/lock_files

packages:
- completed:
    name: gf
    version: 3.10.4
    git: https://github.com/GrammaticalFramework/gf-core
    pantry-tree:
      size: 65579
      sha256: 8870dd834c3c722b9ebc963fb43b355f38cc64ad96f351e0da77101bba277439
    commit: b962bcd178a212f6b3cea6e2d74a2181005a4729
  original:
    git: https://github.com/GrammaticalFramework/gf-core
    commit: b962bcd178a212f6b3cea6e2d74a2181005a4729
- completed:
    hackage: json-0.10@sha256:d9fc6b07ce92b8894825a17d2cf14799856767eb30c8bf55962baa579207d799,3210
    pantry-tree:
      size: 3190
      sha256: 5654f66b7cd8bf087ac040a9b0a83eb064219eab32230f61a3adeddfdbb4d4cd
  original:
    hackage: json-0.10@sha256:d9fc6b07ce92b8894825a17d2cf14799856767eb30c8bf55962baa579207d799,3210
- completed:
    hackage: alex-3.2.5@sha256:af0c4aac67849d8b35e8c16063517642a5c6b809d09fdb040ed9369f91cb26fb,4054
    pantry-tree:
      size: 5732
      sha256: fdfac077ffd006b5bb8102edb3187f2d2587d9cde1d94cd9852b5ee077d05add
  original:
    hackage: alex-3.2.5@sha256:af0c4aac67849d8b35e8c16063517642a5c6b809d09fdb040ed9369f91cb26fb,4054
- completed:
    hackage: exceptions-0.10.4@sha256:1729ef26a611ae78aa58cdd34192aff710cbaa6d631dd042ddfb63556d00b52c,2796
    pantry-tree:
      size: 908
      sha256: 6689458f5d183f8efda66f918f7bd4b7ac28548defbef53c7e174c2cdf6b9f18
  original:
    hackage: exceptions-0.10.4@sha256:1729ef26a611ae78aa58cdd34192aff710cbaa6d631dd042ddfb63556d00b52c,2796
- completed:
    hackage: happy-1.19.12@sha256:acc67bfbf3af87892766781dd064c9447181ea81269a7a1e5fc9ace4a8fa4768,5691
    pantry-tree:
      size: 8693
      sha256: 91502601a560862a5b90d776c0bd58bc2779ba5b7945c984817eaa3b9ca64564
  original:
    hackage: happy-1.19.12@sha256:acc67bfbf3af87892766781dd064c9447181ea81269a7a1e5fc9ace4a8fa4768,5691
- completed:
    hackage: parallel-3.2.2.0@sha256:c69372af9a39a06739e1d0eaa1f2d8be6b86493a53dbbc455e7b30479c491c6a,1763
    pantry-tree:
      size: 392
      sha256: 0b408143e18070406acc2acb528fc4b695f04161e0beb490351d50d92a841fe3
  original:
    hackage: parallel-3.2.2.0@sha256:c69372af9a39a06739e1d0eaa1f2d8be6b86493a53dbbc455e7b30479c491c6a,1763
- completed:
    hackage: random-1.1@sha256:7b67624fd76ddf97c206de0801dc7e888097e9d572974be9b9ea6551d76965df,1777
    pantry-tree:
      size: 637
      sha256: 14a1b01728c5584e87c9fa00746a66e28ffd89dd2c0eabd334c8463953496e1b
  original:
    hackage: random-1.1@sha256:7b67624fd76ddf97c206de0801dc7e888097e9d572974be9b9ea6551d76965df,1777
- completed:
    hackage: syb-0.7.1@sha256:8d37b1e4d04a9aa8512dc6c2a06e02afc015a2fd3e735bdfeeacb5e2e853323c,2462
    pantry-tree:
      size: 3396
      sha256: efe0ac2f5d5a3c34125c2dd665521a626237f49aa8fa289bfeeabe951b8a30e0
  original:
    hackage: syb-0.7.1@sha256:8d37b1e4d04a9aa8512dc6c2a06e02afc015a2fd3e735bdfeeacb5e2e853323c,2462
- completed:
    hackage: utf8-string-1.0.1.1@sha256:68cc6cf665e7212334a51b63d6936daeaca023b2cfe8637d130acfe95f91700b,1151
    pantry-tree:
      size: 546
      sha256: 94c160d3cba160be807fc2957f539453660cf64bd6cb29879aba82424d03527e
  original:
    hackage: utf8-string-1.0.1.1@sha256:68cc6cf665e7212334a51b63d6936daeaca023b2cfe8637d130acfe95f91700b,1151
snapshots: []
